
Microsoft Visual Studio Solution File, Format Version 12.00
# Visual Studio 14
VisualStudioVersion = 14.0.25420.1
MinimumVisualStudioVersion = 10.0.40219.1
Project("{2150E333-8FDC-42A3-9474-1A3956D46DE8}") = "Applications", "Applications", "{956B3081-4FB6-421F-AC1B-B909A59232AC}"
EndProject
Project("{2150E333-8FDC-42A3-9474-1A3956D46DE8}") = "PowerShell Scripts", "PowerShell Scripts", "{39F7EF0B-B419-4AAA-9953-1383AF3226C0}"
	ProjectSection(SolutionItems) = preProject
		Configure Corp and Gulf Clusters for Testing.ps1 = Configure Corp and Gulf Clusters for Testing.ps1
		Configure Local RabbitMQ for Testing.ps1 = Configure Local RabbitMQ for Testing.ps1
	EndProjectSection
EndProject
Project("{2150E333-8FDC-42A3-9474-1A3956D46DE8}") = "01 - Step by Step First Example", "01 - Step by Step First Example", "{B254FE29-B995-46C9-84BC-35BC51EBF48B}"
EndProject
Project("{FAE04EC0-301F-11D3-BF4B-00C04F79EFBC}") = "NServiceBusTutorials.StepByStepExample.Client", "StepByStepExample\NServiceBusTutorials.StepByStepExample.Client\NServiceBusTutorials.StepByStepExample.Client.csproj", "{ED847EF6-E743-4635-BA27-73315D1D9C60}"
EndProject
Project("{FAE04EC0-301F-11D3-BF4B-00C04F79EFBC}") = "NServiceBusTutorials.StepByStepExample.Server", "StepByStepExample\NServiceBusTutorials.StepByStepExample.Server\NServiceBusTutorials.StepByStepExample.Server.csproj", "{163724E0-AE27-4F73-AE54-BD6FFB337CD7}"
EndProject
Project("{FAE04EC0-301F-11D3-BF4B-00C04F79EFBC}") = "NServiceBusTutorials.StepByStepExample.Subscriber", "StepByStepExample\NServiceBusTutorials.StepByStepExample.Subscriber\NServiceBusTutorials.StepByStepExample.Subscriber.csproj", "{70D34D2A-E7A5-4F41-8BCE-B9BAB41984F2}"
EndProject
Project("{FAE04EC0-301F-11D3-BF4B-00C04F79EFBC}") = "NServiceBusTutorials.StepByStepExample.Domain", "StepByStepExample\NServiceBusTutorials.StepByStepExample.Domain\NServiceBusTutorials.StepByStepExample.Domain.csproj", "{0078A810-99D5-441A-A154-596D93CB39A1}"
EndProject
Project("{FAE04EC0-301F-11D3-BF4B-00C04F79EFBC}") = "NServiceBusTutorials.StepByStepExample.Contracts", "StepByStepExample\NServiceBusTutorials.StepByStepExample.Contracts\NServiceBusTutorials.StepByStepExample.Contracts.csproj", "{232435D0-13D5-4F4B-B0D9-EE75A27D22EA}"
EndProject
Project("{FAE04EC0-301F-11D3-BF4B-00C04F79EFBC}") = "NServiceBusTutorials.Common", "NServiceBusTutorials.Common\NServiceBusTutorials.Common.csproj", "{BAFFFF6E-7447-4F37-A4B8-7D8ED6D171CD}"
EndProject
Project("{2150E333-8FDC-42A3-9474-1A3956D46DE8}") = "02 - Callback Usage", "02 - Callback Usage", "{1AE819D5-13BD-4209-BF89-6D58C398165C}"
EndProject
Project("{2150E333-8FDC-42A3-9474-1A3956D46DE8}") = "Applications", "Applications", "{18B0A26F-A37E-4493-AE45-474F6ACFE93B}"
EndProject
Project("{FAE04EC0-301F-11D3-BF4B-00C04F79EFBC}") = "NServiceBusTutorials.CallbackUsage.Receiver", "CallbackUsage\NServiceBusTutorials.CallbackUsage.Receiver\NServiceBusTutorials.CallbackUsage.Receiver.csproj", "{0BA288C9-D160-4EAF-AADA-D88A47C4C81A}"
EndProject
Project("{FAE04EC0-301F-11D3-BF4B-00C04F79EFBC}") = "NServiceBusTutorials.CallbackUsage.Contracts", "CallbackUsage\NServiceBusTutorials.CallbackUsage.Contracts\NServiceBusTutorials.CallbackUsage.Contracts.csproj", "{55410CA9-18A0-4E82-B5B4-E81BA7E143D6}"
EndProject
Project("{FAE04EC0-301F-11D3-BF4B-00C04F79EFBC}") = "NServiceBusTutorials.CallbackUsage.Sender", "CallbackUsage\NServiceBusTutorials.CallbackUsage.Sender\NServiceBusTutorials.CallbackUsage.Sender.csproj", "{1AD23A08-0AA6-4906-9759-E90D9B193C9A}"
EndProject
Project("{2150E333-8FDC-42A3-9474-1A3956D46DE8}") = "03 - FileSystem Transport", "03 - FileSystem Transport", "{D546D428-9FC9-43B2-9E09-E39DCED8CD6C}"
EndProject
Project("{2150E333-8FDC-42A3-9474-1A3956D46DE8}") = "Applications", "Applications", "{2BB08BFD-29A8-4D6B-B7CB-9C891F5E90E8}"
EndProject
Project("{FAE04EC0-301F-11D3-BF4B-00C04F79EFBC}") = "NServiceBusTutorials.FileSystemTransport.Transport", "FileSystemTransport\NServiceBusTutorials.FileSystemTransport.Transport\NServiceBusTutorials.FileSystemTransport.Transport.csproj", "{32330CDB-6D75-499E-AF38-3D0B31046BAF}"
EndProject
Project("{FAE04EC0-301F-11D3-BF4B-00C04F79EFBC}") = "NServiceBusTutorials.FileSystemTransport.Contracts", "FileSystemTransport\NServiceBusTutorials.FileSystemTransport.Contracts\NServiceBusTutorials.FileSystemTransport.Contracts.csproj", "{A7FB7A86-5EC6-4D0A-AB55-A6E571B31088}"
EndProject
Project("{FAE04EC0-301F-11D3-BF4B-00C04F79EFBC}") = "NServiceBusTutorials.FileSystemTransport.ApplicationOne", "FileSystemTransport\NServiceBusTutorials.FileSystemTransport.ApplicationOne\NServiceBusTutorials.FileSystemTransport.ApplicationOne.csproj", "{EAD45D14-429F-4858-B92A-C8B9DFD67E64}"
EndProject
Project("{FAE04EC0-301F-11D3-BF4B-00C04F79EFBC}") = "NServiceBusTutorials.FileSystemTransport.ApplicationTwo", "FileSystemTransport\NServiceBusTutorials.FileSystemTransport.ApplicationTwo\NServiceBusTutorials.FileSystemTransport.ApplicationTwo.csproj", "{8CE5715D-2520-48CA-A3DA-72EA4E7C150B}"
EndProject
Project("{2150E333-8FDC-42A3-9474-1A3956D46DE8}") = "04 - Publish Subscribe", "04 - Publish Subscribe", "{299F6B66-DC84-4E60-A129-4C102FE7FD0C}"
EndProject
Project("{FAE04EC0-301F-11D3-BF4B-00C04F79EFBC}") = "NServiceBusTutorials.PublishSubscribe.Contracts", "PublishSubscribe\NServiceBusTutorials.PublishSubscribe.Contracts\NServiceBusTutorials.PublishSubscribe.Contracts.csproj", "{F9F50904-BAAC-45E0-87DA-9B979869D327}"
EndProject
Project("{2150E333-8FDC-42A3-9474-1A3956D46DE8}") = "Applications", "Applications", "{5DF074CE-9F40-458A-8E80-E9E1522405FB}"
EndProject
Project("{FAE04EC0-301F-11D3-BF4B-00C04F79EFBC}") = "NServiceBusTutorials.PublishSubscribe.Publisher", "PublishSubscribe\NServiceBusTutorials.PublishSubscribe.Publisher\NServiceBusTutorials.PublishSubscribe.Publisher.csproj", "{9E197B00-3B44-4172-9202-6DD899FDF6E4}"
EndProject
Project("{FAE04EC0-301F-11D3-BF4B-00C04F79EFBC}") = "NServiceBusTutorials.PublishSubscribe.SubscriberOne", "PublishSubscribe\NServiceBusTutorials.PublishSubscribe.SubscriberOne\NServiceBusTutorials.PublishSubscribe.SubscriberOne.csproj", "{1440895E-D52B-4948-9CA7-06C738783940}"
EndProject
Project("{FAE04EC0-301F-11D3-BF4B-00C04F79EFBC}") = "NServiceBusTutorials.PublishSubscribe.SubscriberTwo", "PublishSubscribe\NServiceBusTutorials.PublishSubscribe.SubscriberTwo\NServiceBusTutorials.PublishSubscribe.SubscriberTwo.csproj", "{F30634E5-72A9-44F7-BB56-393162B9B9E3}"
EndProject
Project("{FAE04EC0-301F-11D3-BF4B-00C04F79EFBC}") = "NServiceBusTutorials.PublishSubscribe.SubscriberThree", "PublishSubscribe\NServiceBusTutorials.PublishSubscribe.SubscriberThree\NServiceBusTutorials.PublishSubscribe.SubscriberThree.csproj", "{5270E178-46F6-4460-AF2D-068766A64D2F}"
EndProject
Project("{FAE04EC0-301F-11D3-BF4B-00C04F79EFBC}") = "NServiceBusTutorials.Migrations", "NServiceBusTutorials.Migrations\NServiceBusTutorials.Migrations.csproj", "{36409AF0-AB2F-40ED-AC8F-5C16771F2837}"
EndProject
Project("{2150E333-8FDC-42A3-9474-1A3956D46DE8}") = "05 - Active Passive", "05 - Active Passive", "{144313D7-F74B-4665-932F-237B0086674D}"
EndProject
Project("{FAE04EC0-301F-11D3-BF4B-00C04F79EFBC}") = "NServiceBusTutorials.ActivePassive.Publisher", "NServiceBusTutorials.ActivePassive.Publisher\NServiceBusTutorials.ActivePassive.Publisher.csproj", "{6CA2CEE9-A115-40F8-A7AC-B88DD1746D38}"
EndProject
Project("{FAE04EC0-301F-11D3-BF4B-00C04F79EFBC}") = "NServiceBusTutorials.ActivePassive.Consumer1", "NServiceBusTutorials.ActivePassive.Consumer1\NServiceBusTutorials.ActivePassive.Consumer1.csproj", "{1F165E87-B92E-4376-B297-EFB7130F7C26}"
EndProject
Project("{FAE04EC0-301F-11D3-BF4B-00C04F79EFBC}") = "NServiceBusTutorials.ActivePassive.Consumer2", "NServiceBusTutorials.ActivePassive.Consumer2\NServiceBusTutorials.ActivePassive.Consumer2.csproj", "{7B8DB661-95D7-42CD-BB7E-C7877D127DAB}"
EndProject
Project("{2150E333-8FDC-42A3-9474-1A3956D46DE8}") = "Applications", "Applications", "{FB9D0E45-79AD-467C-8EDE-EE377C88B6E4}"
EndProject
Project("{FAE04EC0-301F-11D3-BF4B-00C04F79EFBC}") = "NServiceBusTutorials.ActivePassive.Contracts", "NServiceBusTutorials.ActivePassive.Contracts\NServiceBusTutorials.ActivePassive.Contracts.csproj", "{ECE203B4-A22B-4E0C-8B10-BA79CFB8E867}"
EndProject
Project("{FAE04EC0-301F-11D3-BF4B-00C04F79EFBC}") = "NServiceBusTutorials.ActivePassive.Common", "NServiceBusTutorials.ActivePassive.Common\NServiceBusTutorials.ActivePassive.Common.csproj", "{8611A084-5EB6-4730-97C2-208EEB2CCD24}"
EndProject
Global
	GlobalSection(SolutionConfigurationPlatforms) = preSolution
		Debug|Any CPU = Debug|Any CPU
		Release|Any CPU = Release|Any CPU
	EndGlobalSection
	GlobalSection(ProjectConfigurationPlatforms) = postSolution
		{ED847EF6-E743-4635-BA27-73315D1D9C60}.Debug|Any CPU.ActiveCfg = Debug|Any CPU
		{ED847EF6-E743-4635-BA27-73315D1D9C60}.Debug|Any CPU.Build.0 = Debug|Any CPU
		{ED847EF6-E743-4635-BA27-73315D1D9C60}.Release|Any CPU.ActiveCfg = Release|Any CPU
		{ED847EF6-E743-4635-BA27-73315D1D9C60}.Release|Any CPU.Build.0 = Release|Any CPU
		{163724E0-AE27-4F73-AE54-BD6FFB337CD7}.Debug|Any CPU.ActiveCfg = Debug|Any CPU
		{163724E0-AE27-4F73-AE54-BD6FFB337CD7}.Debug|Any CPU.Build.0 = Debug|Any CPU
		{163724E0-AE27-4F73-AE54-BD6FFB337CD7}.Release|Any CPU.ActiveCfg = Release|Any CPU
		{163724E0-AE27-4F73-AE54-BD6FFB337CD7}.Release|Any CPU.Build.0 = Release|Any CPU
		{70D34D2A-E7A5-4F41-8BCE-B9BAB41984F2}.Debug|Any CPU.ActiveCfg = Debug|Any CPU
		{70D34D2A-E7A5-4F41-8BCE-B9BAB41984F2}.Debug|Any CPU.Build.0 = Debug|Any CPU
		{70D34D2A-E7A5-4F41-8BCE-B9BAB41984F2}.Release|Any CPU.ActiveCfg = Release|Any CPU
		{70D34D2A-E7A5-4F41-8BCE-B9BAB41984F2}.Release|Any CPU.Build.0 = Release|Any CPU
		{0078A810-99D5-441A-A154-596D93CB39A1}.Debug|Any CPU.ActiveCfg = Debug|Any CPU
		{0078A810-99D5-441A-A154-596D93CB39A1}.Debug|Any CPU.Build.0 = Debug|Any CPU
		{0078A810-99D5-441A-A154-596D93CB39A1}.Release|Any CPU.ActiveCfg = Release|Any CPU
		{0078A810-99D5-441A-A154-596D93CB39A1}.Release|Any CPU.Build.0 = Release|Any CPU
		{232435D0-13D5-4F4B-B0D9-EE75A27D22EA}.Debug|Any CPU.ActiveCfg = Debug|Any CPU
		{232435D0-13D5-4F4B-B0D9-EE75A27D22EA}.Debug|Any CPU.Build.0 = Debug|Any CPU
		{232435D0-13D5-4F4B-B0D9-EE75A27D22EA}.Release|Any CPU.ActiveCfg = Release|Any CPU
		{232435D0-13D5-4F4B-B0D9-EE75A27D22EA}.Release|Any CPU.Build.0 = Release|Any CPU
		{BAFFFF6E-7447-4F37-A4B8-7D8ED6D171CD}.Debug|Any CPU.ActiveCfg = Debug|Any CPU
		{BAFFFF6E-7447-4F37-A4B8-7D8ED6D171CD}.Debug|Any CPU.Build.0 = Debug|Any CPU
		{BAFFFF6E-7447-4F37-A4B8-7D8ED6D171CD}.Release|Any CPU.ActiveCfg = Release|Any CPU
		{BAFFFF6E-7447-4F37-A4B8-7D8ED6D171CD}.Release|Any CPU.Build.0 = Release|Any CPU
		{0BA288C9-D160-4EAF-AADA-D88A47C4C81A}.Debug|Any CPU.ActiveCfg = Debug|Any CPU
		{0BA288C9-D160-4EAF-AADA-D88A47C4C81A}.Debug|Any CPU.Build.0 = Debug|Any CPU
		{0BA288C9-D160-4EAF-AADA-D88A47C4C81A}.Release|Any CPU.ActiveCfg = Release|Any CPU
		{0BA288C9-D160-4EAF-AADA-D88A47C4C81A}.Release|Any CPU.Build.0 = Release|Any CPU
		{55410CA9-18A0-4E82-B5B4-E81BA7E143D6}.Debug|Any CPU.ActiveCfg = Debug|Any CPU
		{55410CA9-18A0-4E82-B5B4-E81BA7E143D6}.Debug|Any CPU.Build.0 = Debug|Any CPU
		{55410CA9-18A0-4E82-B5B4-E81BA7E143D6}.Release|Any CPU.ActiveCfg = Release|Any CPU
		{55410CA9-18A0-4E82-B5B4-E81BA7E143D6}.Release|Any CPU.Build.0 = Release|Any CPU
		{1AD23A08-0AA6-4906-9759-E90D9B193C9A}.Debug|Any CPU.ActiveCfg = Debug|Any CPU
		{1AD23A08-0AA6-4906-9759-E90D9B193C9A}.Debug|Any CPU.Build.0 = Debug|Any CPU
		{1AD23A08-0AA6-4906-9759-E90D9B193C9A}.Release|Any CPU.ActiveCfg = Release|Any CPU
		{1AD23A08-0AA6-4906-9759-E90D9B193C9A}.Release|Any CPU.Build.0 = Release|Any CPU
		{32330CDB-6D75-499E-AF38-3D0B31046BAF}.Debug|Any CPU.ActiveCfg = Debug|Any CPU
		{32330CDB-6D75-499E-AF38-3D0B31046BAF}.Debug|Any CPU.Build.0 = Debug|Any CPU
		{32330CDB-6D75-499E-AF38-3D0B31046BAF}.Release|Any CPU.ActiveCfg = Release|Any CPU
		{32330CDB-6D75-499E-AF38-3D0B31046BAF}.Release|Any CPU.Build.0 = Release|Any CPU
		{A7FB7A86-5EC6-4D0A-AB55-A6E571B31088}.Debug|Any CPU.ActiveCfg = Debug|Any CPU
		{A7FB7A86-5EC6-4D0A-AB55-A6E571B31088}.Debug|Any CPU.Build.0 = Debug|Any CPU
		{A7FB7A86-5EC6-4D0A-AB55-A6E571B31088}.Release|Any CPU.ActiveCfg = Release|Any CPU
		{A7FB7A86-5EC6-4D0A-AB55-A6E571B31088}.Release|Any CPU.Build.0 = Release|Any CPU
		{EAD45D14-429F-4858-B92A-C8B9DFD67E64}.Debug|Any CPU.ActiveCfg = Debug|Any CPU
		{EAD45D14-429F-4858-B92A-C8B9DFD67E64}.Debug|Any CPU.Build.0 = Debug|Any CPU
		{EAD45D14-429F-4858-B92A-C8B9DFD67E64}.Release|Any CPU.ActiveCfg = Release|Any CPU
		{EAD45D14-429F-4858-B92A-C8B9DFD67E64}.Release|Any CPU.Build.0 = Release|Any CPU
		{8CE5715D-2520-48CA-A3DA-72EA4E7C150B}.Debug|Any CPU.ActiveCfg = Debug|Any CPU
		{8CE5715D-2520-48CA-A3DA-72EA4E7C150B}.Debug|Any CPU.Build.0 = Debug|Any CPU
		{8CE5715D-2520-48CA-A3DA-72EA4E7C150B}.Release|Any CPU.ActiveCfg = Release|Any CPU
		{8CE5715D-2520-48CA-A3DA-72EA4E7C150B}.Release|Any CPU.Build.0 = Release|Any CPU
		{F9F50904-BAAC-45E0-87DA-9B979869D327}.Debug|Any CPU.ActiveCfg = Debug|Any CPU
		{F9F50904-BAAC-45E0-87DA-9B979869D327}.Debug|Any CPU.Build.0 = Debug|Any CPU
		{F9F50904-BAAC-45E0-87DA-9B979869D327}.Release|Any CPU.ActiveCfg = Release|Any CPU
		{F9F50904-BAAC-45E0-87DA-9B979869D327}.Release|Any CPU.Build.0 = Release|Any CPU
		{9E197B00-3B44-4172-9202-6DD899FDF6E4}.Debug|Any CPU.ActiveCfg = Debug|Any CPU
		{9E197B00-3B44-4172-9202-6DD899FDF6E4}.Debug|Any CPU.Build.0 = Debug|Any CPU
		{9E197B00-3B44-4172-9202-6DD899FDF6E4}.Release|Any CPU.ActiveCfg = Release|Any CPU
		{9E197B00-3B44-4172-9202-6DD899FDF6E4}.Release|Any CPU.Build.0 = Release|Any CPU
		{1440895E-D52B-4948-9CA7-06C738783940}.Debug|Any CPU.ActiveCfg = Debug|Any CPU
		{1440895E-D52B-4948-9CA7-06C738783940}.Debug|Any CPU.Build.0 = Debug|Any CPU
		{1440895E-D52B-4948-9CA7-06C738783940}.Release|Any CPU.ActiveCfg = Release|Any CPU
		{1440895E-D52B-4948-9CA7-06C738783940}.Release|Any CPU.Build.0 = Release|Any CPU
		{F30634E5-72A9-44F7-BB56-393162B9B9E3}.Debug|Any CPU.ActiveCfg = Debug|Any CPU
		{F30634E5-72A9-44F7-BB56-393162B9B9E3}.Debug|Any CPU.Build.0 = Debug|Any CPU
		{F30634E5-72A9-44F7-BB56-393162B9B9E3}.Release|Any CPU.ActiveCfg = Release|Any CPU
		{F30634E5-72A9-44F7-BB56-393162B9B9E3}.Release|Any CPU.Build.0 = Release|Any CPU
		{5270E178-46F6-4460-AF2D-068766A64D2F}.Debug|Any CPU.ActiveCfg = Debug|Any CPU
		{5270E178-46F6-4460-AF2D-068766A64D2F}.Debug|Any CPU.Build.0 = Debug|Any CPU
		{5270E178-46F6-4460-AF2D-068766A64D2F}.Release|Any CPU.ActiveCfg = Release|Any CPU
		{5270E178-46F6-4460-AF2D-068766A64D2F}.Release|Any CPU.Build.0 = Release|Any CPU
		{36409AF0-AB2F-40ED-AC8F-5C16771F2837}.Debug|Any CPU.ActiveCfg = Debug|Any CPU
		{36409AF0-AB2F-40ED-AC8F-5C16771F2837}.Debug|Any CPU.Build.0 = Debug|Any CPU
		{36409AF0-AB2F-40ED-AC8F-5C16771F2837}.Release|Any CPU.ActiveCfg = Release|Any CPU
		{36409AF0-AB2F-40ED-AC8F-5C16771F2837}.Release|Any CPU.Build.0 = Release|Any CPU
		{6CA2CEE9-A115-40F8-A7AC-B88DD1746D38}.Debug|Any CPU.ActiveCfg = Debug|Any CPU
		{6CA2CEE9-A115-40F8-A7AC-B88DD1746D38}.Debug|Any CPU.Build.0 = Debug|Any CPU
		{6CA2CEE9-A115-40F8-A7AC-B88DD1746D38}.Release|Any CPU.ActiveCfg = Release|Any CPU
		{6CA2CEE9-A115-40F8-A7AC-B88DD1746D38}.Release|Any CPU.Build.0 = Release|Any CPU
		{1F165E87-B92E-4376-B297-EFB7130F7C26}.Debug|Any CPU.ActiveCfg = Debug|Any CPU
		{1F165E87-B92E-4376-B297-EFB7130F7C26}.Debug|Any CPU.Build.0 = Debug|Any CPU
		{1F165E87-B92E-4376-B297-EFB7130F7C26}.Release|Any CPU.ActiveCfg = Release|Any CPU
		{1F165E87-B92E-4376-B297-EFB7130F7C26}.Release|Any CPU.Build.0 = Release|Any CPU
		{7B8DB661-95D7-42CD-BB7E-C7877D127DAB}.Debug|Any CPU.ActiveCfg = Debug|Any CPU
		{7B8DB661-95D7-42CD-BB7E-C7877D127DAB}.Debug|Any CPU.Build.0 = Debug|Any CPU
		{7B8DB661-95D7-42CD-BB7E-C7877D127DAB}.Release|Any CPU.ActiveCfg = Release|Any CPU
		{7B8DB661-95D7-42CD-BB7E-C7877D127DAB}.Release|Any CPU.Build.0 = Release|Any CPU
		{ECE203B4-A22B-4E0C-8B10-BA79CFB8E867}.Debug|Any CPU.ActiveCfg = Debug|Any CPU
		{ECE203B4-A22B-4E0C-8B10-BA79CFB8E867}.Debug|Any CPU.Build.0 = Debug|Any CPU
		{ECE203B4-A22B-4E0C-8B10-BA79CFB8E867}.Release|Any CPU.ActiveCfg = Release|Any CPU
		{ECE203B4-A22B-4E0C-8B10-BA79CFB8E867}.Release|Any CPU.Build.0 = Release|Any CPU
		{8611A084-5EB6-4730-97C2-208EEB2CCD24}.Debug|Any CPU.ActiveCfg = Debug|Any CPU
		{8611A084-5EB6-4730-97C2-208EEB2CCD24}.Debug|Any CPU.Build.0 = Debug|Any CPU
		{8611A084-5EB6-4730-97C2-208EEB2CCD24}.Release|Any CPU.ActiveCfg = Release|Any CPU
		{8611A084-5EB6-4730-97C2-208EEB2CCD24}.Release|Any CPU.Build.0 = Release|Any CPU
	EndGlobalSection
	GlobalSection(SolutionProperties) = preSolution
		HideSolutionNode = FALSE
	EndGlobalSection
	GlobalSection(NestedProjects) = preSolution
		{956B3081-4FB6-421F-AC1B-B909A59232AC} = {B254FE29-B995-46C9-84BC-35BC51EBF48B}
		{ED847EF6-E743-4635-BA27-73315D1D9C60} = {956B3081-4FB6-421F-AC1B-B909A59232AC}
		{163724E0-AE27-4F73-AE54-BD6FFB337CD7} = {956B3081-4FB6-421F-AC1B-B909A59232AC}
		{70D34D2A-E7A5-4F41-8BCE-B9BAB41984F2} = {956B3081-4FB6-421F-AC1B-B909A59232AC}
		{0078A810-99D5-441A-A154-596D93CB39A1} = {B254FE29-B995-46C9-84BC-35BC51EBF48B}
		{232435D0-13D5-4F4B-B0D9-EE75A27D22EA} = {B254FE29-B995-46C9-84BC-35BC51EBF48B}
		{18B0A26F-A37E-4493-AE45-474F6ACFE93B} = {1AE819D5-13BD-4209-BF89-6D58C398165C}
		{0BA288C9-D160-4EAF-AADA-D88A47C4C81A} = {18B0A26F-A37E-4493-AE45-474F6ACFE93B}
		{55410CA9-18A0-4E82-B5B4-E81BA7E143D6} = {1AE819D5-13BD-4209-BF89-6D58C398165C}
		{1AD23A08-0AA6-4906-9759-E90D9B193C9A} = {18B0A26F-A37E-4493-AE45-474F6ACFE93B}
		{2BB08BFD-29A8-4D6B-B7CB-9C891F5E90E8} = {D546D428-9FC9-43B2-9E09-E39DCED8CD6C}
		{32330CDB-6D75-499E-AF38-3D0B31046BAF} = {D546D428-9FC9-43B2-9E09-E39DCED8CD6C}
		{A7FB7A86-5EC6-4D0A-AB55-A6E571B31088} = {D546D428-9FC9-43B2-9E09-E39DCED8CD6C}
		{EAD45D14-429F-4858-B92A-C8B9DFD67E64} = {2BB08BFD-29A8-4D6B-B7CB-9C891F5E90E8}
		{8CE5715D-2520-48CA-A3DA-72EA4E7C150B} = {2BB08BFD-29A8-4D6B-B7CB-9C891F5E90E8}
		{F9F50904-BAAC-45E0-87DA-9B979869D327} = {299F6B66-DC84-4E60-A129-4C102FE7FD0C}
		{5DF074CE-9F40-458A-8E80-E9E1522405FB} = {299F6B66-DC84-4E60-A129-4C102FE7FD0C}
		{9E197B00-3B44-4172-9202-6DD899FDF6E4} = {5DF074CE-9F40-458A-8E80-E9E1522405FB}
		{1440895E-D52B-4948-9CA7-06C738783940} = {5DF074CE-9F40-458A-8E80-E9E1522405FB}
		{F30634E5-72A9-44F7-BB56-393162B9B9E3} = {5DF074CE-9F40-458A-8E80-E9E1522405FB}
		{5270E178-46F6-4460-AF2D-068766A64D2F} = {5DF074CE-9F40-458A-8E80-E9E1522405FB}
		{6CA2CEE9-A115-40F8-A7AC-B88DD1746D38} = {FB9D0E45-79AD-467C-8EDE-EE377C88B6E4}
		{1F165E87-B92E-4376-B297-EFB7130F7C26} = {FB9D0E45-79AD-467C-8EDE-EE377C88B6E4}
		{7B8DB661-95D7-42CD-BB7E-C7877D127DAB} = {FB9D0E45-79AD-467C-8EDE-EE377C88B6E4}
		{FB9D0E45-79AD-467C-8EDE-EE377C88B6E4} = {144313D7-F74B-4665-932F-237B0086674D}
		{ECE203B4-A22B-4E0C-8B10-BA79CFB8E867} = {144313D7-F74B-4665-932F-237B0086674D}
		{8611A084-5EB6-4730-97C2-208EEB2CCD24} = {144313D7-F74B-4665-932F-237B0086674D}
	EndGlobalSection
EndGlobal
